schema: '2.0'
stages:
  prepare:
    cmd: python3 src/prepare.py
    deps:
    - path: data/raw
      md5: 392859941730af73895d057ac48ad939.dir
      size: 106557364
      nfiles: 13398
    - path: src/prepare.py
      md5: ef804f358e00edcfe52c865b471f8f55
      size: 1231
    outs:
    - path: data/prepared/test.csv
      md5: 6f48bd86696c508143a34d3a0a542554
      size: 121198
    - path: data/prepared/train.csv
      md5: b31e760e72620fcf2448ba540141439d
      size: 298453
  train:
    cmd: python3 src/train.py
    deps:
    - path: data/prepared/train.csv
      md5: b31e760e72620fcf2448ba540141439d
      size: 298453
    - path: src/train.py
      md5: ad34e87f4d781a9d01979df26ca69fca
      size: 1325
    outs:
    - path: model/model.joblib
      md5: 6f2d346ae33827443ea54c75c1bd3172
      size: 241075
  evaluate:
    cmd: python src/evaluate.py
    deps:
    - path: model/model.joblib
      md5: 6f2d346ae33827443ea54c75c1bd3172
      size: 241075
    - path: src/evaluate.py
      md5: b197277667d6269271fff4ae4af8a941
      size: 645
    outs:
    - path: metrics/accuracy.json
      md5: 80d39b99bcf3b865845b008fea231627
      size: 32
