schema: '2.0'
stages:
  prepare:
    cmd: python3 src/prepare.py
    deps:
    - path: data/raw
      md5: 392859941730af73895d057ac48ad939.dir
      size: 106557364
      nfiles: 13398
    - path: src/prepare.py
      md5: ef804f358e00edcfe52c865b471f8f55
      size: 1231
    outs:
    - path: data/prepared/test.csv
      md5: 6f48bd86696c508143a34d3a0a542554
      size: 121198
    - path: data/prepared/train.csv
      md5: b31e760e72620fcf2448ba540141439d
      size: 298453
  train:
    cmd: python3 src/train.py
    deps:
    - path: data/prepared/train.csv
      md5: b31e760e72620fcf2448ba540141439d
      size: 298453
    - path: src/train.py
      md5: fba02db450a577e4eef0ce583a5dca3e
      size: 1325
    outs:
    - path: model/model.joblib
      md5: 7b513a884705a6eab324456073d3319a
      size: 1655079
  evaluate:
    cmd: python src/evaluate.py
    deps:
    - path: model/model.joblib
      md5: 7b513a884705a6eab324456073d3319a
      size: 1655079
    - path: src/evaluate.py
      md5: b197277667d6269271fff4ae4af8a941
      size: 645
    outs:
    - path: metrics/accuracy.json
      md5: 34a1a3d5fa980ee630725927b7c5c6f4
      size: 32
